Microsoft Visual Studio Solution File, Format Version 12.00
# Visual Studio Version 16
VisualStudioVersion = 16.0.30204.135
MinimumVisualStudioVersion = 10.0.40219.1
Project("{2150E333-8FDC-42A3-9474-1A3956D46DE8}") = "tests", "tests", "{ED8079DD-2B06-4030-9F0F-DC548F98E1C4}"
EndProject
Project("{FAE04EC0-301F-11D3-BF4B-00C04F79EFBC}") = "TestUI", "tests\TestUI\TestUI.csproj", "{6F895341-7A4F-4988-BC98-8126F199E7CF}"
EndProject
Project("{9A19103F-16F7-4668-BE54-9A1E7A4F7556}") = "WPFTagControl", "src\WPFTagControl\WPFTagControl.csproj", "{62ED0246-7B98-4723-9307-F7B7B0AC5574}"
EndProject
Global
	GlobalSection(SolutionConfigurationPlatforms) = preSolution
		Debug|Any CPU = Debug|Any CPU
		Release|Any CPU = Release|Any CPU
	EndGlobalSection
	GlobalSection(ProjectConfigurationPlatforms) = postSolution
		{6F895341-7A4F-4988-BC98-8126F199E7CF}.Debug|Any CPU.ActiveCfg = Debug|Any CPU
		{6F895341-7A4F-4988-BC98-8126F199E7CF}.Debug|Any CPU.Build.0 = Debug|Any CPU
		{6F895341-7A4F-4988-BC98-8126F199E7CF}.Release|Any CPU.ActiveCfg = Release|Any CPU
		{6F895341-7A4F-4988-BC98-8126F199E7CF}.Release|Any CPU.Build.0 = Release|Any CPU
		{62ED0246-7B98-4723-9307-F7B7B0AC5574}.Debug|Any CPU.ActiveCfg = Debug|Any CPU
		{62ED0246-7B98-4723-9307-F7B7B0AC5574}.Debug|Any CPU.Build.0 = Debug|Any CPU
		{62ED0246-7B98-4723-9307-F7B7B0AC5574}.Release|Any CPU.ActiveCfg = Release|Any CPU
		{62ED0246-7B98-4723-9307-F7B7B0AC5574}.Release|Any CPU.Build.0 = Release|Any CPU
	EndGlobalSection
	GlobalSection(SolutionProperties) = preSolution
		HideSolutionNode = FALSE
	EndGlobalSection
	GlobalSection(NestedProjects) = preSolution
		{6F895341-7A4F-4988-BC98-8126F199E7CF} = {ED8079DD-2B06-4030-9F0F-DC548F98E1C4}
	EndGlobalSection
	GlobalSection(ExtensibilityGlobals) = postSolution
		SolutionGuid = {C85580E1-D4A7-49CF-83E3-6DB48D4FBC50}
	EndGlobalSection
EndGlobal
